{
  "version": 4,
  "terraform_version": "1.14.3",
  "serial": 218,
  "lineage": "60d00496-e8f5-6b93-2ef0-54d454429247",
  "outputs": {
    "address": {
      "value": "158.160.117.121",
      "type": "string"
    },
    "name": {
      "value": "my-server",
      "type": "string"
    }
  },
  "resources": [
    {
      "mode": "data",
      "type": "yandex_compute_image",
      "name": "default",
      "provider": "provider[\"registry.terraform.io/yandex-cloud/yandex\"]",
      "instances": [
        {
          "schema_version": 0,
          "attributes": {
            "created_at": "2026-01-05T11:23:46Z",
            "description": "Ubuntu 22.04 lts v20251226030904",
            "family": "ubuntu-2204-lts",
            "folder_id": "standard-images",
            "id": "fd8dv7cnjmuiq8skh4g5",
            "image_id": "fd8dv7cnjmuiq8skh4g5",
            "labels": {
              "version": "20251226030904",
              "x-hopper-operation-id": "d9prs5k6eo72phuos6ba",
              "x-hopper-source-image-id": "fd8kht8sl3dpchn6r0ru"
            },
            "min_disk_size": 8,
            "name": "ubuntu-22-04-lts-v20260105",
            "os_type": "linux",
            "pooled": true,
            "product_ids": [
              "f2efcnfugjk5icnvvoan"
            ],
            "size": 3,
            "status": "ready"
          },
          "sensitive_attributes": [],
          "identity_schema_version": 0
        }
      ]
    },
    {
      "mode": "managed",
      "type": "yandex_compute_instance",
      "name": "default",
      "provider": "provider[\"registry.terraform.io/yandex-cloud/yandex\"]",
      "instances": [
        {
          "schema_version": 1,
          "attributes": {
            "allow_recreate": null,
            "allow_stopping_for_update": null,
            "boot_disk": [
              {
                "auto_delete": true,
                "device_name": "fhm5lpfanghm82d34ok0",
                "disk_id": "fhm5lpfanghm82d34ok0",
                "initialize_params": [
                  {
                    "block_size": 4096,
                    "description": "",
                    "image_id": "fd8dv7cnjmuiq8skh4g5",
                    "name": "",
                    "size": 20,
                    "snapshot_id": "",
                    "type": "network-ssd"
                  }
                ],
                "mode": "READ_WRITE"
              }
            ],
            "created_at": "2026-01-09T07:42:03Z",
            "description": "",
            "filesystem": [],
            "folder_id": "b1g2335dd1hetd28qabl",
            "fqdn": "my-server.ru-central1.internal",
            "gpu_cluster_id": "",
            "hostname": "my-server",
            "id": "fhmqe6pqiq44th57h8v1",
            "labels": null,
            "local_disk": [],
            "metadata": {
              "user-data": "      #cloud-config\r\n      users:\r\n        - name: march\r\n          passwd: march\r\n          sudo: ALL=(ALL) NOPASSWD:ALL\r\n          shell: /bin/bash\r\n          ssh_authorized_keys:\r\n            - ssh-rsa AAAAB3NzaC1yc2EAAAADAQABAAABAQCdzAGv7UF7JZopymGAdRIyShfeqxiNdtRQuImuGY4G/JX8o/GO51R79uthdQDeOZLG6+85owvLhKA3HHLAqzPAuY+ReUGiNV0212+vXQ+5li0vULnKlwVXDfKV72datlWsKbSusJkG22KzLYvyb9dM52xQbolUMF05v7bpkJ2cXngeX9SMyIVKr3nvTUsGI933HywxRlJ0Cu96JIKSJHGV7EmUC4e+CLmLlSczBx0T4tCwHastkQkqyjdom6+BKTNTXy+/KA5k1UoMl86RjlPYYzCsCqVaiY9a0zYHUHM7PWwMzwUqS5Sv+KkAYC2jJQXPga9cB85fd/8t/1waYYD5\r\n            \r\n      runcmd:\r\n        - apt-get update\r\n        - apt-get install -y docker.io docker-compose\r\n        - systemctl enable docker\r\n        - systemctl start docker\r\n        - rm -rf /app\r\n        - git clone https://github.com/maks-march/CloudProject /app\r\n        - cat \u003e /app/appsettings.json \u003c\u003c 'EOJSONF'\r\n{\r\n  \"Logging\": {\r\n    \"LogLevel\": {\r\n      \"Default\": \"Information\",\r\n      \"Microsoft.AspNetCore\": \"Warning\"\r\n    }\r\n  },\r\n  \"Kestrel\": {\r\n    \"Endpoints\": {\r\n      \"Http\": {\r\n        \"Url\": \"http://0.0.0.0:5089\"\r\n      }\r\n    }\r\n  },\r\n  \"AllowedHosts\": \"*\",\r\n  \"ConnectionStrings\": {\r\n    \"DefaultConnection\": \"Host=1223;Port=6432;Database=MainDB;Username=march;Password=max_marchenko;SslMode=Require;\"\r\n  }\r\n}\r\nEOJSONF\r\n        - cd /app \u0026\u0026 docker-compose up -d\r\n"
            },
            "metadata_options": [
              {
                "aws_v1_http_endpoint": 1,
                "aws_v1_http_token": 2,
                "gce_http_endpoint": 1,
                "gce_http_token": 1
              }
            ],
            "name": "my-server",
            "network_acceleration_type": "standard",
            "network_interface": [
              {
                "dns_record": [],
                "index": 0,
                "ip_address": "192.168.10.30",
                "ipv4": true,
                "ipv6": false,
                "ipv6_address": "",
                "ipv6_dns_record": [],
                "mac_address": "d0:0d:1a:71:b3:a9",
                "nat": true,
                "nat_dns_record": [],
                "nat_ip_address": "158.160.117.121",
                "nat_ip_version": "IPV4",
                "security_group_ids": [
                  "enpu854bddnb3nln0m0e"
                ],
                "subnet_id": "e9bsc89rvh4l87v82s2v"
              }
            ],
            "placement_policy": [
              {
                "host_affinity_rules": [],
                "placement_group_id": ""
              }
            ],
            "platform_id": "standard-v1",
            "resources": [
              {
                "core_fraction": 100,
                "cores": 2,
                "gpus": 0,
                "memory": 4
              }
            ],
            "scheduling_policy": [
              {
                "preemptible": false
              }
            ],
            "secondary_disk": [],
            "service_account_id": "",
            "status": "running",
            "timeouts": {
              "create": "10m",
              "delete": "10m",
              "update": null
            },
            "zone": "ru-central1-a"
          },
          "sensitive_attributes": [],
          "identity_schema_version": 0,
          "private": "eyJlMmJmYjczMC1lY2FhLTExZTYtOGY4OC0zNDM2M2JjN2M0YzAiOnsiY3JlYXRlIjo2MDAwMDAwMDAwMDAsImRlbGV0ZSI6NjAwMDAwMDAwMDAwLCJ1cGRhdGUiOjMwMDAwMDAwMDAwMH0sInNjaGVtYV92ZXJzaW9uIjoiMSJ9",
          "dependencies": [
            "data.yandex_compute_image.default",
            "yandex_vpc_network.default",
            "yandex_vpc_security_group.vm-sg",
            "yandex_vpc_subnet.default"
          ]
        }
      ]
    },
    {
      "mode": "managed",
      "type": "yandex_vpc_network",
      "name": "default",
      "provider": "provider[\"registry.terraform.io/yandex-cloud/yandex\"]",
      "instances": [
        {
          "schema_version": 0,
          "attributes": {
            "created_at": "2026-01-09T07:16:00Z",
            "default_security_group_id": "enpfo5o6hisq4c3lgkg9",
            "description": "",
            "folder_id": "b1g2335dd1hetd28qabl",
            "id": "enpupg3e3n59omtaj697",
            "labels": {},
            "name": "ya-network",
            "subnet_ids": [
              "e9bsc89rvh4l87v82s2v"
            ],
            "timeouts": null
          },
          "sensitive_attributes": [],
          "identity_schema_version": 0,
          "private": "eyJlMmJmYjczMC1lY2FhLTExZTYtOGY4OC0zNDM2M2JjN2M0YzAiOnsiY3JlYXRlIjo2MDAwMDAwMDAwMCwiZGVsZXRlIjo2MDAwMDAwMDAwMCwidXBkYXRlIjo2MDAwMDAwMDAwMH19"
        }
      ]
    },
    {
      "mode": "managed",
      "type": "yandex_vpc_security_group",
      "name": "vm-sg",
      "provider": "provider[\"registry.terraform.io/yandex-cloud/yandex\"]",
      "instances": [
        {
          "schema_version": 0,
          "attributes": {
            "created_at": "2026-01-09T07:16:02Z",
            "description": "",
            "egress": [
              {
                "description": "",
                "from_port": -1,
                "id": "enpiuu4gp9cc9colre1h",
                "labels": {},
                "port": -1,
                "predefined_target": "",
                "protocol": "ANY",
                "security_group_id": "",
                "to_port": -1,
                "v4_cidr_blocks": [
                  "0.0.0.0/0"
                ],
                "v6_cidr_blocks": []
              }
            ],
            "folder_id": "b1g2335dd1hetd28qabl",
            "id": "enpu854bddnb3nln0m0e",
            "ingress": [
              {
                "description": "",
                "from_port": -1,
                "id": "enp6f55p13mas0ghhvfj",
                "labels": {},
                "port": 443,
                "predefined_target": "",
                "protocol": "TCP",
                "security_group_id": "",
                "to_port": -1,
                "v4_cidr_blocks": [
                  "0.0.0.0/0"
                ],
                "v6_cidr_blocks": []
              },
              {
                "description": "",
                "from_port": -1,
                "id": "enpl6g1eu13hvlj3gck5",
                "labels": {},
                "port": 22,
                "predefined_target": "",
                "protocol": "TCP",
                "security_group_id": "",
                "to_port": -1,
                "v4_cidr_blocks": [
                  "0.0.0.0/0"
                ],
                "v6_cidr_blocks": []
              },
              {
                "description": "",
                "from_port": -1,
                "id": "enplg3dkp8ben9quer1v",
                "labels": {},
                "port": 80,
                "predefined_target": "",
                "protocol": "TCP",
                "security_group_id": "",
                "to_port": -1,
                "v4_cidr_blocks": [
                  "0.0.0.0/0"
                ],
                "v6_cidr_blocks": []
              }
            ],
            "labels": {},
            "name": "vm-security-group",
            "network_id": "enpupg3e3n59omtaj697",
            "status": "ACTIVE",
            "timeouts": null
          },
          "sensitive_attributes": [],
          "identity_schema_version": 0,
          "private": "eyJlMmJmYjczMC1lY2FhLTExZTYtOGY4OC0zNDM2M2JjN2M0YzAiOnsiY3JlYXRlIjoxODAwMDAwMDAwMDAsImRlbGV0ZSI6MTgwMDAwMDAwMDAwLCJ1cGRhdGUiOjE4MDAwMDAwMDAwMH19",
          "dependencies": [
            "yandex_vpc_network.default"
          ]
        }
      ]
    },
    {
      "mode": "managed",
      "type": "yandex_vpc_subnet",
      "name": "default",
      "provider": "provider[\"registry.terraform.io/yandex-cloud/yandex\"]",
      "instances": [
        {
          "schema_version": 0,
          "attributes": {
            "created_at": "2026-01-09T07:16:01Z",
            "description": "",
            "dhcp_options": [],
            "folder_id": "b1g2335dd1hetd28qabl",
            "id": "e9bsc89rvh4l87v82s2v",
            "labels": {},
            "name": "ya-network",
            "network_id": "enpupg3e3n59omtaj697",
            "route_table_id": "",
            "timeouts": null,
            "v4_cidr_blocks": [
              "192.168.10.0/24"
            ],
            "v6_cidr_blocks": [],
            "zone": "ru-central1-a"
          },
          "sensitive_attributes": [],
          "identity_schema_version": 0,
          "private": "eyJlMmJmYjczMC1lY2FhLTExZTYtOGY4OC0zNDM2M2JjN2M0YzAiOnsiY3JlYXRlIjoxODAwMDAwMDAwMDAsImRlbGV0ZSI6MTgwMDAwMDAwMDAwLCJ1cGRhdGUiOjE4MDAwMDAwMDAwMH19",
          "dependencies": [
            "yandex_vpc_network.default"
          ]
        }
      ]
    }
  ],
  "check_results": null
}
