{
  "version": 4,
  "terraform_version": "1.14.3",
  "serial": 201,
  "lineage": "60d00496-e8f5-6b93-2ef0-54d454429247",
  "outputs": {
    "address": {
      "value": "178.154.221.100",
      "type": "string"
    },
    "name": {
      "value": "my-server",
      "type": "string"
    },
    "postgres_host": {
      "value": "rc1a-skeepo12t9orgaoj.mdb.yandexcloud.net",
      "type": "string"
    }
  },
  "resources": [
    {
      "mode": "data",
      "type": "yandex_compute_image",
      "name": "default",
      "provider": "provider[\"registry.terraform.io/yandex-cloud/yandex\"]",
      "instances": [
        {
          "schema_version": 0,
          "attributes": {
            "created_at": "2026-01-05T11:23:46Z",
            "description": "Ubuntu 22.04 lts v20251226030904",
            "family": "ubuntu-2204-lts",
            "folder_id": "standard-images",
            "id": "fd8dv7cnjmuiq8skh4g5",
            "image_id": "fd8dv7cnjmuiq8skh4g5",
            "labels": {
              "version": "20251226030904",
              "x-hopper-operation-id": "d9prs5k6eo72phuos6ba",
              "x-hopper-source-image-id": "fd8kht8sl3dpchn6r0ru"
            },
            "min_disk_size": 8,
            "name": "ubuntu-22-04-lts-v20260105",
            "os_type": "linux",
            "pooled": true,
            "product_ids": [
              "f2efcnfugjk5icnvvoan"
            ],
            "size": 3,
            "status": "ready"
          },
          "sensitive_attributes": [],
          "identity_schema_version": 0
        }
      ]
    },
    {
      "mode": "managed",
      "type": "yandex_compute_instance",
      "name": "default",
      "provider": "provider[\"registry.terraform.io/yandex-cloud/yandex\"]",
      "instances": [
        {
          "schema_version": 1,
          "attributes": {
            "allow_recreate": null,
            "allow_stopping_for_update": null,
            "boot_disk": [
              {
                "auto_delete": true,
                "device_name": "fhm2qjkin23gtposqbju",
                "disk_id": "fhm2qjkin23gtposqbju",
                "initialize_params": [
                  {
                    "block_size": 4096,
                    "description": "",
                    "image_id": "fd8dv7cnjmuiq8skh4g5",
                    "name": "",
                    "size": 20,
                    "snapshot_id": "",
                    "type": "network-ssd"
                  }
                ],
                "mode": "READ_WRITE"
              }
            ],
            "created_at": "2026-01-08T18:22:18Z",
            "description": "",
            "filesystem": [],
            "folder_id": "b1g2335dd1hetd28qabl",
            "fqdn": "my-server.ru-central1.internal",
            "gpu_cluster_id": "",
            "hostname": "my-server",
            "id": "fhm9ih51hngf5eripg4q",
            "labels": null,
            "local_disk": [],
            "metadata": {
              "user-data": "#cloud-config\r\nusers:\r\n  - name: march\r\n    passwd: march\r\n    sudo: ALL=(ALL) NOPASSWD:ALL\r\n    shell: /bin/bash\r\n    ssh_authorized_keys:\r\n      - ssh-rsa AAAAB3NzaC1yc2EAAAADAQABAAABAQCdzAGv7UF7JZopymGAdRIyShfeqxiNdtRQuImuGY4G/JX8o/GO51R79uthdQDeOZLG6+85owvLhKA3HHLAqzPAuY+ReUGiNV0212+vXQ+5li0vULnKlwVXDfKV72datlWsKbSusJkG22KzLYvyb9dM52xQbolUMF05v7bpkJ2cXngeX9SMyIVKr3nvTUsGI933HywxRlJ0Cu96JIKSJHGV7EmUC4e+CLmLlSczBx0T4tCwHastkQkqyjdom6+BKTNTXy+/KA5k1UoMl86RjlPYYzCsCqVaiY9a0zYHUHM7PWwMzwUqS5Sv+KkAYC2jJQXPga9cB85fd/8t/1waYYD5\r\nwrite_files:\r\n  - path: /app/appsettings.json\r\n    content: |\r\n      {\r\n        \"Logging\": {\r\n          \"LogLevel\": {\r\n            \"Default\": \"Information\",\r\n            \"Microsoft.AspNetCore\": \"Warning\"\r\n          }\r\n        },\r\n        \"Kestrel\": {\r\n          \"Endpoints\": {\r\n            \"Http\": {\r\n              \"Url\": \"http://0.0.0.0:5089\"\r\n            }\r\n          }\r\n        },\r\n        \"AllowedHosts\": \"*\",\r\n        \"ConnectionStrings\": {\r\n          \"DefaultConnection\": \"Host=rc1a-skeepo12t9orgaoj.mdb.yandexcloud.net;Port=6432;Database=MainDB;Username=march;Password=max_marchenko;SslMode=Require;\"\r\n        }\r\n      }\r\nruncmd:\r\n  - apt-get update\r\n  - apt-get install -y docker.io docker-compose\r\n  - systemctl enable docker\r\n  - systemctl start docker\r\n  - rm -rf /app\r\n  - git clone https://github.com/maks-march/CloudProject /app\r\n  - cd /app \u0026\u0026 docker-compose up -d\r\n"
            },
            "metadata_options": [
              {
                "aws_v1_http_endpoint": 1,
                "aws_v1_http_token": 2,
                "gce_http_endpoint": 1,
                "gce_http_token": 1
              }
            ],
            "name": "my-server",
            "network_acceleration_type": "standard",
            "network_interface": [
              {
                "dns_record": [],
                "index": 0,
                "ip_address": "192.168.10.13",
                "ipv4": true,
                "ipv6": false,
                "ipv6_address": "",
                "ipv6_dns_record": [],
                "mac_address": "d0:0d:99:44:a1:8d",
                "nat": true,
                "nat_dns_record": [],
                "nat_ip_address": "178.154.221.100",
                "nat_ip_version": "IPV4",
                "security_group_ids": [
                  "enpnajv0tr6s82f539sg"
                ],
                "subnet_id": "e9b6nlmgrhv1g7tjo82l"
              }
            ],
            "placement_policy": [
              {
                "host_affinity_rules": [],
                "placement_group_id": ""
              }
            ],
            "platform_id": "standard-v1",
            "resources": [
              {
                "core_fraction": 100,
                "cores": 2,
                "gpus": 0,
                "memory": 4
              }
            ],
            "scheduling_policy": [
              {
                "preemptible": false
              }
            ],
            "secondary_disk": [],
            "service_account_id": "",
            "status": "running",
            "timeouts": {
              "create": "10m",
              "delete": "10m",
              "update": null
            },
            "zone": "ru-central1-a"
          },
          "sensitive_attributes": [],
          "identity_schema_version": 0,
          "private": "eyJlMmJmYjczMC1lY2FhLTExZTYtOGY4OC0zNDM2M2JjN2M0YzAiOnsiY3JlYXRlIjo2MDAwMDAwMDAwMDAsImRlbGV0ZSI6NjAwMDAwMDAwMDAwLCJ1cGRhdGUiOjMwMDAwMDAwMDAwMH0sInNjaGVtYV92ZXJzaW9uIjoiMSJ9",
          "dependencies": [
            "data.yandex_compute_image.default",
            "yandex_mdb_postgresql_cluster.postgres",
            "yandex_vpc_network.default",
            "yandex_vpc_security_group.vm-sg",
            "yandex_vpc_subnet.default"
          ]
        }
      ]
    },
    {
      "mode": "managed",
      "type": "yandex_mdb_postgresql_cluster",
      "name": "postgres",
      "provider": "provider[\"registry.terraform.io/yandex-cloud/yandex\"]",
      "instances": [
        {
          "schema_version": 0,
          "attributes": {
            "config": [
              {
                "access": [
                  {
                    "data_lens": false,
                    "data_transfer": false,
                    "serverless": false,
                    "web_sql": false
                  }
                ],
                "autofailover": true,
                "backup_retain_period_days": 7,
                "backup_window_start": [
                  {
                    "hours": 0,
                    "minutes": 0
                  }
                ],
                "performance_diagnostics": [
                  {
                    "enabled": false,
                    "sessions_sampling_interval": 60,
                    "statements_sampling_interval": 600
                  }
                ],
                "pooler_config": [],
                "postgresql_config": {
                  "shared_preload_libraries": ""
                },
                "resources": [
                  {
                    "disk_size": 10,
                    "disk_type_id": "network-ssd",
                    "resource_preset_id": "s2.micro"
                  }
                ],
                "version": "15"
              }
            ],
            "created_at": "2026-01-08T18:03:48Z",
            "database": [
              {
                "extension": [],
                "lc_collate": "C",
                "lc_type": "C",
                "name": "MainDB",
                "owner": "march",
                "template_db": ""
              }
            ],
            "deletion_protection": false,
            "description": "",
            "environment": "PRODUCTION",
            "folder_id": "b1g2335dd1hetd28qabl",
            "health": "ALIVE",
            "host": [
              {
                "assign_public_ip": false,
                "fqdn": "rc1a-skeepo12t9orgaoj.mdb.yandexcloud.net",
                "name": "",
                "priority": 0,
                "replication_source": "",
                "replication_source_name": "",
                "role": "MASTER",
                "subnet_id": "e9b6nlmgrhv1g7tjo82l",
                "zone": "ru-central1-a"
              }
            ],
            "host_group_ids": [],
            "host_master_name": "",
            "id": "c9qbhcknoohgbnkfj6li",
            "labels": {},
            "maintenance_window": [
              {
                "day": "",
                "hour": 0,
                "type": "ANYTIME"
              }
            ],
            "name": "marketplace-db",
            "network_id": "enpsrmloa06s0nl9qma4",
            "restore": [],
            "security_group_ids": [],
            "status": "RUNNING",
            "timeouts": null,
            "user": [
              {
                "conn_limit": 50,
                "grants": [],
                "login": true,
                "name": "march",
                "password": "max_marchenko",
                "permission": [
                  {
                    "database_name": "MainDB"
                  }
                ],
                "settings": {}
              }
            ]
          },
          "sensitive_attributes": [
            [
              {
                "type": "get_attr",
                "value": "user"
              },
              {
                "type": "index",
                "value": {
                  "value": 0,
                  "type": "number"
                }
              },
              {
                "type": "get_attr",
                "value": "password"
              }
            ]
          ],
          "identity_schema_version": 0,
          "private": "eyJlMmJmYjczMC1lY2FhLTExZTYtOGY4OC0zNDM2M2JjN2M0YzAiOnsiY3JlYXRlIjoxODAwMDAwMDAwMDAwLCJkZWxldGUiOjkwMDAwMDAwMDAwMCwidXBkYXRlIjozNjAwMDAwMDAwMDAwfX0=",
          "dependencies": [
            "yandex_vpc_network.default",
            "yandex_vpc_subnet.default"
          ]
        }
      ]
    },
    {
      "mode": "managed",
      "type": "yandex_vpc_network",
      "name": "default",
      "provider": "provider[\"registry.terraform.io/yandex-cloud/yandex\"]",
      "instances": [
        {
          "schema_version": 0,
          "attributes": {
            "created_at": "2026-01-08T18:03:45Z",
            "default_security_group_id": "enpb3fq6rpi8lc7vkeu5",
            "description": "",
            "folder_id": "b1g2335dd1hetd28qabl",
            "id": "enpsrmloa06s0nl9qma4",
            "labels": {},
            "name": "ya-network",
            "subnet_ids": [
              "e9b6nlmgrhv1g7tjo82l"
            ],
            "timeouts": null
          },
          "sensitive_attributes": [],
          "identity_schema_version": 0,
          "private": "eyJlMmJmYjczMC1lY2FhLTExZTYtOGY4OC0zNDM2M2JjN2M0YzAiOnsiY3JlYXRlIjo2MDAwMDAwMDAwMCwiZGVsZXRlIjo2MDAwMDAwMDAwMCwidXBkYXRlIjo2MDAwMDAwMDAwMH19"
        }
      ]
    },
    {
      "mode": "managed",
      "type": "yandex_vpc_security_group",
      "name": "vm-sg",
      "provider": "provider[\"registry.terraform.io/yandex-cloud/yandex\"]",
      "instances": [
        {
          "schema_version": 0,
          "attributes": {
            "created_at": "2026-01-08T18:03:50Z",
            "description": "",
            "egress": [
              {
                "description": "",
                "from_port": -1,
                "id": "enp9dui63gqi4q5ofsp5",
                "labels": {},
                "port": -1,
                "predefined_target": "",
                "protocol": "ANY",
                "security_group_id": "",
                "to_port": -1,
                "v4_cidr_blocks": [
                  "0.0.0.0/0"
                ],
                "v6_cidr_blocks": []
              }
            ],
            "folder_id": "b1g2335dd1hetd28qabl",
            "id": "enpnajv0tr6s82f539sg",
            "ingress": [
              {
                "description": "",
                "from_port": -1,
                "id": "enph1hsquctogf3cps41",
                "labels": {},
                "port": 443,
                "predefined_target": "",
                "protocol": "TCP",
                "security_group_id": "",
                "to_port": -1,
                "v4_cidr_blocks": [
                  "0.0.0.0/0"
                ],
                "v6_cidr_blocks": []
              },
              {
                "description": "",
                "from_port": -1,
                "id": "enphh9go1lbgouing97c",
                "labels": {},
                "port": 80,
                "predefined_target": "",
                "protocol": "TCP",
                "security_group_id": "",
                "to_port": -1,
                "v4_cidr_blocks": [
                  "0.0.0.0/0"
                ],
                "v6_cidr_blocks": []
              },
              {
                "description": "",
                "from_port": -1,
                "id": "enpp9j3t4tqgr4e76gkt",
                "labels": {},
                "port": 22,
                "predefined_target": "",
                "protocol": "TCP",
                "security_group_id": "",
                "to_port": -1,
                "v4_cidr_blocks": [
                  "0.0.0.0/0"
                ],
                "v6_cidr_blocks": []
              }
            ],
            "labels": {},
            "name": "vm-security-group",
            "network_id": "enpsrmloa06s0nl9qma4",
            "status": "ACTIVE",
            "timeouts": null
          },
          "sensitive_attributes": [],
          "identity_schema_version": 0,
          "private": "eyJlMmJmYjczMC1lY2FhLTExZTYtOGY4OC0zNDM2M2JjN2M0YzAiOnsiY3JlYXRlIjoxODAwMDAwMDAwMDAsImRlbGV0ZSI6MTgwMDAwMDAwMDAwLCJ1cGRhdGUiOjE4MDAwMDAwMDAwMH19",
          "dependencies": [
            "yandex_vpc_network.default"
          ]
        }
      ]
    },
    {
      "mode": "managed",
      "type": "yandex_vpc_subnet",
      "name": "default",
      "provider": "provider[\"registry.terraform.io/yandex-cloud/yandex\"]",
      "instances": [
        {
          "schema_version": 0,
          "attributes": {
            "created_at": "2026-01-08T18:03:48Z",
            "description": "",
            "dhcp_options": [],
            "folder_id": "b1g2335dd1hetd28qabl",
            "id": "e9b6nlmgrhv1g7tjo82l",
            "labels": {},
            "name": "ya-network",
            "network_id": "enpsrmloa06s0nl9qma4",
            "route_table_id": "",
            "timeouts": null,
            "v4_cidr_blocks": [
              "192.168.10.0/24"
            ],
            "v6_cidr_blocks": [],
            "zone": "ru-central1-a"
          },
          "sensitive_attributes": [],
          "identity_schema_version": 0,
          "private": "eyJlMmJmYjczMC1lY2FhLTExZTYtOGY4OC0zNDM2M2JjN2M0YzAiOnsiY3JlYXRlIjoxODAwMDAwMDAwMDAsImRlbGV0ZSI6MTgwMDAwMDAwMDAwLCJ1cGRhdGUiOjE4MDAwMDAwMDAwMH19",
          "dependencies": [
            "yandex_vpc_network.default"
          ]
        }
      ]
    }
  ],
  "check_results": null
}
